
Microsoft Visual Studio Solution File, Format Version 12.00
# Visual Studio 15
VisualStudioVersion = 15.0.28307.572
MinimumVisualStudioVersion = 10.0.40219.1
Project("{FAE04EC0-301F-11D3-BF4B-00C04F79EFBC}") = "RetroFootballShop", "RetroFootballShop\RetroFootballShop.csproj", "{40123106-A8EF-4C27-9F95-05E023CA7101}"
EndProject
Global
	GlobalSection(SolutionConfigurationPlatforms) = preSolution
		Debug|Any CPU = Debug|Any CPU
		Release|Any CPU = Release|Any CPU
	EndGlobalSection
	GlobalSection(ProjectConfigurationPlatforms) = postSolution
		{40123106-A8EF-4C27-9F95-05E023CA7101}.Debug|Any CPU.ActiveCfg = Debug|Any CPU
		{40123106-A8EF-4C27-9F95-05E023CA7101}.Debug|Any CPU.Build.0 = Debug|Any CPU
		{40123106-A8EF-4C27-9F95-05E023CA7101}.Release|Any CPU.ActiveCfg = Release|Any CPU
		{40123106-A8EF-4C27-9F95-05E023CA7101}.Release|Any CPU.Build.0 = Release|Any CPU
	EndGlobalSection
	GlobalSection(SolutionProperties) = preSolution
		HideSolutionNode = FALSE
	EndGlobalSection
	GlobalSection(ExtensibilityGlobals) = postSolution
		SolutionGuid = {8E1AD589-4F54-4E8C-8B34-5F7A506FC994}
	EndGlobalSection
EndGlobal
